
Microsoft Visual Studio Solution File, Format Version 12.00
# Visual Studio 2012
Project("{FAE04EC0-301F-11D3-BF4B-00C04F79EFBC}") = "beer", "beer\beer.csproj", "{3E55E25E-BAE7-4392-A9DA-A685844C089B}"
EndProject
Project("{FAE04EC0-301F-11D3-BF4B-00C04F79EFBC}") = "beer.iOS", "iOS\beer.iOS.csproj", "{7B14A4D8-2A75-4706-9CCD-D6463D6F9AB1}"
EndProject
Project("{FAE04EC0-301F-11D3-BF4B-00C04F79EFBC}") = "beer.Droid", "Droid\beer.Droid.csproj", "{9D5CD95A-1DA2-4AEA-8EB4-D63A45694EB8}"
EndProject
Global
	GlobalSection(SolutionConfigurationPlatforms) = preSolution
		Debug|Any CPU = Debug|Any CPU
		Release|Any CPU = Release|Any CPU
		Debug|iPhoneSimulator = Debug|iPhoneSimulator
		Release|iPhone = Release|iPhone
		Release|iPhoneSimulator = Release|iPhoneSimulator
		Debug|iPhone = Debug|iPhone
	EndGlobalSection
	GlobalSection(ProjectConfigurationPlatforms) = postSolution
		{3E55E25E-BAE7-4392-A9DA-A685844C089B}.Debug|Any CPU.ActiveCfg = Debug|Any CPU
		{3E55E25E-BAE7-4392-A9DA-A685844C089B}.Debug|Any CPU.Build.0 = Debug|Any CPU
		{3E55E25E-BAE7-4392-A9DA-A685844C089B}.Release|Any CPU.ActiveCfg = Release|Any CPU
		{3E55E25E-BAE7-4392-A9DA-A685844C089B}.Release|Any CPU.Build.0 = Release|Any CPU
		{3E55E25E-BAE7-4392-A9DA-A685844C089B}.Debug|iPhoneSimulator.ActiveCfg = Debug|Any CPU
		{3E55E25E-BAE7-4392-A9DA-A685844C089B}.Debug|iPhoneSimulator.Build.0 = Debug|Any CPU
		{3E55E25E-BAE7-4392-A9DA-A685844C089B}.Release|iPhone.ActiveCfg = Release|Any CPU
		{3E55E25E-BAE7-4392-A9DA-A685844C089B}.Release|iPhone.Build.0 = Release|Any CPU
		{3E55E25E-BAE7-4392-A9DA-A685844C089B}.Release|iPhoneSimulator.ActiveCfg = Release|Any CPU
		{3E55E25E-BAE7-4392-A9DA-A685844C089B}.Release|iPhoneSimulator.Build.0 = Release|Any CPU
		{3E55E25E-BAE7-4392-A9DA-A685844C089B}.Debug|iPhone.ActiveCfg = Debug|Any CPU
		{3E55E25E-BAE7-4392-A9DA-A685844C089B}.Debug|iPhone.Build.0 = Debug|Any CPU
		{7B14A4D8-2A75-4706-9CCD-D6463D6F9AB1}.Debug|Any CPU.ActiveCfg = Debug|iPhoneSimulator
		{7B14A4D8-2A75-4706-9CCD-D6463D6F9AB1}.Debug|Any CPU.Build.0 = Debug|iPhoneSimulator
		{7B14A4D8-2A75-4706-9CCD-D6463D6F9AB1}.Release|Any CPU.ActiveCfg = Release|iPhone
		{7B14A4D8-2A75-4706-9CCD-D6463D6F9AB1}.Release|Any CPU.Build.0 = Release|iPhone
		{7B14A4D8-2A75-4706-9CCD-D6463D6F9AB1}.Debug|iPhoneSimulator.ActiveCfg = Debug|iPhoneSimulator
		{7B14A4D8-2A75-4706-9CCD-D6463D6F9AB1}.Debug|iPhoneSimulator.Build.0 = Debug|iPhoneSimulator
		{7B14A4D8-2A75-4706-9CCD-D6463D6F9AB1}.Release|iPhone.ActiveCfg = Release|iPhone
		{7B14A4D8-2A75-4706-9CCD-D6463D6F9AB1}.Release|iPhone.Build.0 = Release|iPhone
		{7B14A4D8-2A75-4706-9CCD-D6463D6F9AB1}.Release|iPhoneSimulator.ActiveCfg = Release|iPhoneSimulator
		{7B14A4D8-2A75-4706-9CCD-D6463D6F9AB1}.Release|iPhoneSimulator.Build.0 = Release|iPhoneSimulator
		{7B14A4D8-2A75-4706-9CCD-D6463D6F9AB1}.Debug|iPhone.ActiveCfg = Debug|iPhone
		{7B14A4D8-2A75-4706-9CCD-D6463D6F9AB1}.Debug|iPhone.Build.0 = Debug|iPhone
		{9D5CD95A-1DA2-4AEA-8EB4-D63A45694EB8}.Debug|Any CPU.ActiveCfg = Debug|Any CPU
		{9D5CD95A-1DA2-4AEA-8EB4-D63A45694EB8}.Debug|Any CPU.Build.0 = Debug|Any CPU
		{9D5CD95A-1DA2-4AEA-8EB4-D63A45694EB8}.Release|Any CPU.ActiveCfg = Release|Any CPU
		{9D5CD95A-1DA2-4AEA-8EB4-D63A45694EB8}.Release|Any CPU.Build.0 = Release|Any CPU
		{9D5CD95A-1DA2-4AEA-8EB4-D63A45694EB8}.Debug|iPhoneSimulator.ActiveCfg = Debug|Any CPU
		{9D5CD95A-1DA2-4AEA-8EB4-D63A45694EB8}.Debug|iPhoneSimulator.Build.0 = Debug|Any CPU
		{9D5CD95A-1DA2-4AEA-8EB4-D63A45694EB8}.Release|iPhone.ActiveCfg = Release|Any CPU
		{9D5CD95A-1DA2-4AEA-8EB4-D63A45694EB8}.Release|iPhone.Build.0 = Release|Any CPU
		{9D5CD95A-1DA2-4AEA-8EB4-D63A45694EB8}.Release|iPhoneSimulator.ActiveCfg = Release|Any CPU
		{9D5CD95A-1DA2-4AEA-8EB4-D63A45694EB8}.Release|iPhoneSimulator.Build.0 = Release|Any CPU
		{9D5CD95A-1DA2-4AEA-8EB4-D63A45694EB8}.Debug|iPhone.ActiveCfg = Debug|Any CPU
		{9D5CD95A-1DA2-4AEA-8EB4-D63A45694EB8}.Debug|iPhone.Build.0 = Debug|Any CPU
	EndGlobalSection
EndGlobal
